
Microsoft Visual Studio Solution File, Format Version 12.00
# Visual Studio 15
Project("{FAE04EC0-301F-11D3-BF4B-00C04F79EFBC}") = "AstarPathfindingProject", "AstarPathfindingProject.csproj", "{94BFB918-AA65-01CE-BC9F-C9395931BAEA}"
EndProject
Project("{FAE04EC0-301F-11D3-BF4B-00C04F79EFBC}") = "Assembly-CSharp", "Assembly-CSharp.csproj", "{9AB1E436-8AFD-53D3-6F60-89F1E6E0B680}"
EndProject
Project("{FAE04EC0-301F-11D3-BF4B-00C04F79EFBC}") = "AstarPathfindingProjectEditor", "AstarPathfindingProjectEditor.csproj", "{24E48218-DC93-64A0-C574-0DB26AAFA0E4}"
EndProject
Project("{FAE04EC0-301F-11D3-BF4B-00C04F79EFBC}") = "PackageToolsEditor", "PackageToolsEditor.csproj", "{EDF1445A-F46C-F0B7-D671-6604E0BDBB9F}"
EndProject
Global
	GlobalSection(SolutionConfigurationPlatforms) = preSolution
		Debug|Any CPU = Debug|Any CPU
		Release|Any CPU = Release|Any CPU
	EndGlobalSection
	GlobalSection(ProjectConfigurationPlatforms) = postSolution
		{94BFB918-AA65-01CE-BC9F-C9395931BAEA}.Debug|Any CPU.ActiveCfg = Debug|Any CPU
		{94BFB918-AA65-01CE-BC9F-C9395931BAEA}.Debug|Any CPU.Build.0 = Debug|Any CPU
		{94BFB918-AA65-01CE-BC9F-C9395931BAEA}.Release|Any CPU.ActiveCfg = Release|Any CPU
		{94BFB918-AA65-01CE-BC9F-C9395931BAEA}.Release|Any CPU.Build.0 = Release|Any CPU
		{9AB1E436-8AFD-53D3-6F60-89F1E6E0B680}.Debug|Any CPU.ActiveCfg = Debug|Any CPU
		{9AB1E436-8AFD-53D3-6F60-89F1E6E0B680}.Debug|Any CPU.Build.0 = Debug|Any CPU
		{9AB1E436-8AFD-53D3-6F60-89F1E6E0B680}.Release|Any CPU.ActiveCfg = Release|Any CPU
		{9AB1E436-8AFD-53D3-6F60-89F1E6E0B680}.Release|Any CPU.Build.0 = Release|Any CPU
		{24E48218-DC93-64A0-C574-0DB26AAFA0E4}.Debug|Any CPU.ActiveCfg = Debug|Any CPU
		{24E48218-DC93-64A0-C574-0DB26AAFA0E4}.Debug|Any CPU.Build.0 = Debug|Any CPU
		{24E48218-DC93-64A0-C574-0DB26AAFA0E4}.Release|Any CPU.ActiveCfg = Release|Any CPU
		{24E48218-DC93-64A0-C574-0DB26AAFA0E4}.Release|Any CPU.Build.0 = Release|Any CPU
		{EDF1445A-F46C-F0B7-D671-6604E0BDBB9F}.Debug|Any CPU.ActiveCfg = Debug|Any CPU
		{EDF1445A-F46C-F0B7-D671-6604E0BDBB9F}.Debug|Any CPU.Build.0 = Debug|Any CPU
		{EDF1445A-F46C-F0B7-D671-6604E0BDBB9F}.Release|Any CPU.ActiveCfg = Release|Any CPU
		{EDF1445A-F46C-F0B7-D671-6604E0BDBB9F}.Release|Any CPU.Build.0 = Release|Any CPU
	EndGlobalSection
	GlobalSection(SolutionProperties) = preSolution
		HideSolutionNode = FALSE
	EndGlobalSection
EndGlobal
